// !$*UTF8*$!
{
	archiveVersion = 1;
	classes = {
	};
	objectVersion = 56;
	objects = {

/* Begin PBXBuildFile section */
		A10001 /* StoryWorldApp.swift in Sources */ = {isa = PBXBuildFile; fileRef = B10001; };
		A10002 /* Secrets.swift in Sources */ = {isa = PBXBuildFile; fileRef = B10002; };
		A10003 /* ARSceneViewModel.swift in Sources */ = {isa = PBXBuildFile; fileRef = B10003; };
		A10004 /* ARViewContainer.swift in Sources */ = {isa = PBXBuildFile; fileRef = B10004; };
		A10005 /* AudioRecorder.swift in Sources */ = {isa = PBXBuildFile; fileRef = B10005; };
		A10006 /* MainARView.swift in Sources */ = {isa = PBXBuildFile; fileRef = B10006; };
		A10007 /* VideoPlayerView.swift in Sources */ = {isa = PBXBuildFile; fileRef = B10007; };
		A10008 /* VideoResultSheet.swift in Sources */ = {isa = PBXBuildFile; fileRef = B10008; };
		A10009 /* AppError.swift in Sources */ = {isa = PBXBuildFile; fileRef = B10009; };
		A10010 /* CharacterPrompt.swift in Sources */ = {isa = PBXBuildFile; fileRef = B10010; };
		A10011 /* FalModels.swift in Sources */ = {isa = PBXBuildFile; fileRef = B10011; };
		A10012 /* GeminiModels.swift in Sources */ = {isa = PBXBuildFile; fileRef = B10012; };
		A10013 /* PlacedCharacter.swift in Sources */ = {isa = PBXBuildFile; fileRef = B10013; };
		A10014 /* TripoModels.swift in Sources */ = {isa = PBXBuildFile; fileRef = B10014; };
		A10015 /* GeminiVoiceService.swift in Sources */ = {isa = PBXBuildFile; fileRef = B10015; };
		A10016 /* AppleSpeechService.swift in Sources */ = {isa = PBXBuildFile; fileRef = B10016; };
		A10017 /* FalModelService.swift in Sources */ = {isa = PBXBuildFile; fileRef = B10017; };
		A10018 /* TripoModelService.swift in Sources */ = {isa = PBXBuildFile; fileRef = B10018; };
		A10019 /* ModelConversionService.swift in Sources */ = {isa = PBXBuildFile; fileRef = B10019; };
		A10020 /* ImageUploadService.swift in Sources */ = {isa = PBXBuildFile; fileRef = B10020; };
		A10021 /* ImageEditService.swift in Sources */ = {isa = PBXBuildFile; fileRef = B10021; };
		A10022 /* VideoGenerationService.swift in Sources */ = {isa = PBXBuildFile; fileRef = B10022; };
		A10023 /* toy_biplane_realistic.usdz in Resources */ = {isa = PBXBuildFile; fileRef = B10023; };
		A10024 /* toy_car.usdz in Resources */ = {isa = PBXBuildFile; fileRef = B10024; };
		A10025 /* Assets.xcassets in Resources */ = {isa = PBXBuildFile; fileRef = B10025; };
/* End PBXBuildFile section */

/* Begin PBXFileReference section */
		B10000 /* StoryWorld.app */ = {isa = PBXFileReference; explicitFileType = wrapper.application; includeInIndex = 0; path = StoryWorld.app; sourceTree = BUILT_PRODUCTS_DIR; };
		B10001 /* StoryWorldApp.swift */ = {isa = PBXFileReference; lastKnownFileType = sourcecode.swift; path = StoryWorldApp.swift; sourceTree = "<group>"; };
		B10002 /* Secrets.swift */ = {isa = PBXFileReference; lastKnownFileType = sourcecode.swift; path = Secrets.swift; sourceTree = "<group>"; };
		B10003 /* ARSceneViewModel.swift */ = {isa = PBXFileReference; lastKnownFileType = sourcecode.swift; path = ARSceneViewModel.swift; sourceTree = "<group>"; };
		B10004 /* ARViewContainer.swift */ = {isa = PBXFileReference; lastKnownFileType = sourcecode.swift; path = ARViewContainer.swift; sourceTree = "<group>"; };
		B10005 /* AudioRecorder.swift */ = {isa = PBXFileReference; lastKnownFileType = sourcecode.swift; path = AudioRecorder.swift; sourceTree = "<group>"; };
		B10006 /* MainARView.swift */ = {isa = PBXFileReference; lastKnownFileType = sourcecode.swift; path = MainARView.swift; sourceTree = "<group>"; };
		B10007 /* VideoPlayerView.swift */ = {isa = PBXFileReference; lastKnownFileType = sourcecode.swift; path = VideoPlayerView.swift; sourceTree = "<group>"; };
		B10008 /* VideoResultSheet.swift */ = {isa = PBXFileReference; lastKnownFileType = sourcecode.swift; path = VideoResultSheet.swift; sourceTree = "<group>"; };
		B10009 /* AppError.swift */ = {isa = PBXFileReference; lastKnownFileType = sourcecode.swift; path = AppError.swift; sourceTree = "<group>"; };
		B10010 /* CharacterPrompt.swift */ = {isa = PBXFileReference; lastKnownFileType = sourcecode.swift; path = CharacterPrompt.swift; sourceTree = "<group>"; };
		B10011 /* FalModels.swift */ = {isa = PBXFileReference; lastKnownFileType = sourcecode.swift; path = FalModels.swift; sourceTree = "<group>"; };
		B10012 /* GeminiModels.swift */ = {isa = PBXFileReference; lastKnownFileType = sourcecode.swift; path = GeminiModels.swift; sourceTree = "<group>"; };
		B10013 /* PlacedCharacter.swift */ = {isa = PBXFileReference; lastKnownFileType = sourcecode.swift; path = PlacedCharacter.swift; sourceTree = "<group>"; };
		B10014 /* TripoModels.swift */ = {isa = PBXFileReference; lastKnownFileType = sourcecode.swift; path = TripoModels.swift; sourceTree = "<group>"; };
		B10015 /* GeminiVoiceService.swift */ = {isa = PBXFileReference; lastKnownFileType = sourcecode.swift; path = GeminiVoiceService.swift; sourceTree = "<group>"; };
		B10016 /* AppleSpeechService.swift */ = {isa = PBXFileReference; lastKnownFileType = sourcecode.swift; path = AppleSpeechService.swift; sourceTree = "<group>"; };
		B10017 /* FalModelService.swift */ = {isa = PBXFileReference; lastKnownFileType = sourcecode.swift; path = FalModelService.swift; sourceTree = "<group>"; };
		B10018 /* TripoModelService.swift */ = {isa = PBXFileReference; lastKnownFileType = sourcecode.swift; path = TripoModelService.swift; sourceTree = "<group>"; };
		B10019 /* ModelConversionService.swift */ = {isa = PBXFileReference; lastKnownFileType = sourcecode.swift; path = ModelConversionService.swift; sourceTree = "<group>"; };
		B10020 /* ImageUploadService.swift */ = {isa = PBXFileReference; lastKnownFileType = sourcecode.swift; path = ImageUploadService.swift; sourceTree = "<group>"; };
		B10021 /* ImageEditService.swift */ = {isa = PBXFileReference; lastKnownFileType = sourcecode.swift; path = ImageEditService.swift; sourceTree = "<group>"; };
		B10022 /* VideoGenerationService.swift */ = {isa = PBXFileReference; lastKnownFileType = sourcecode.swift; path = VideoGenerationService.swift; sourceTree = "<group>"; };
		B10023 /* toy_biplane_realistic.usdz */ = {isa = PBXFileReference; lastKnownFileType = file.usdz; path = toy_biplane_realistic.usdz; sourceTree = "<group>"; };
		B10024 /* toy_car.usdz */ = {isa = PBXFileReference; lastKnownFileType = file.usdz; path = toy_car.usdz; sourceTree = "<group>"; };
		B10025 /* Assets.xcassets */ = {isa = PBXFileReference; lastKnownFileType = folder.assetcatalog; path = Assets.xcassets; sourceTree = "<group>"; };
/* End PBXFileReference section */

/* Begin PBXFrameworksBuildPhase section */
		C10001 /* Frameworks */ = {
			isa = PBXFrameworksBuildPhase;
			buildActionMask = 2147483647;
			files = (
			);
			runOnlyForDeploymentPostprocessing = 0;
		};
/* End PBXFrameworksBuildPhase section */

/* Begin PBXGroup section */
		D10000 = {
			isa = PBXGroup;
			children = (
				D10001 /* StoryWorld */,
				D10099 /* Products */,
			);
			sourceTree = "<group>";
		};
		D10001 /* StoryWorld */ = {
			isa = PBXGroup;
			children = (
				B10001 /* StoryWorldApp.swift */,
				B10002 /* Secrets.swift */,
				D10002 /* AR */,
				D10003 /* Audio */,
				D10004 /* Views */,
				D10005 /* Models */,
				D10006 /* Services */,
				D10007 /* Resources */,
				B10025 /* Assets.xcassets */,
			);
			path = StoryWorld;
			sourceTree = "<group>";
		};
		D10002 /* AR */ = {
			isa = PBXGroup;
			children = (
				B10003 /* ARSceneViewModel.swift */,
				B10004 /* ARViewContainer.swift */,
			);
			path = AR;
			sourceTree = "<group>";
		};
		D10003 /* Audio */ = {
			isa = PBXGroup;
			children = (
				B10005 /* AudioRecorder.swift */,
			);
			path = Audio;
			sourceTree = "<group>";
		};
		D10004 /* Views */ = {
			isa = PBXGroup;
			children = (
				B10006 /* MainARView.swift */,
				B10007 /* VideoPlayerView.swift */,
				B10008 /* VideoResultSheet.swift */,
			);
			path = Views;
			sourceTree = "<group>";
		};
		D10005 /* Models */ = {
			isa = PBXGroup;
			children = (
				B10009 /* AppError.swift */,
				B10010 /* CharacterPrompt.swift */,
				B10011 /* FalModels.swift */,
				B10012 /* GeminiModels.swift */,
				B10013 /* PlacedCharacter.swift */,
				B10014 /* TripoModels.swift */,
			);
			path = Models;
			sourceTree = "<group>";
		};
		D10006 /* Services */ = {
			isa = PBXGroup;
			children = (
				B10015 /* GeminiVoiceService.swift */,
				B10016 /* AppleSpeechService.swift */,
				B10017 /* FalModelService.swift */,
				B10018 /* TripoModelService.swift */,
				B10019 /* ModelConversionService.swift */,
				B10020 /* ImageUploadService.swift */,
				B10021 /* ImageEditService.swift */,
				B10022 /* VideoGenerationService.swift */,
			);
			path = Services;
			sourceTree = "<group>";
		};
		D10007 /* Resources */ = {
			isa = PBXGroup;
			children = (
				D10008 /* starter_models */,
			);
			path = Resources;
			sourceTree = "<group>";
		};
		D10008 /* starter_models */ = {
			isa = PBXGroup;
			children = (
				B10023 /* toy_biplane_realistic.usdz */,
				B10024 /* toy_car.usdz */,
			);
			path = starter_models;
			sourceTree = "<group>";
		};
		D10099 /* Products */ = {
			isa = PBXGroup;
			children = (
				B10000 /* StoryWorld.app */,
			);
			name = Products;
			sourceTree = "<group>";
		};
/* End PBXGroup section */

/* Begin PBXNativeTarget section */
		E10001 /* StoryWorld */ = {
			isa = PBXNativeTarget;
			buildConfigurationList = F10003 /* Build configuration list for PBXNativeTarget "StoryWorld" */;
			buildPhases = (
				E10002 /* Sources */,
				C10001 /* Frameworks */,
				E10003 /* Resources */,
			);
			buildRules = (
			);
			dependencies = (
			);
			name = StoryWorld;
			productName = StoryWorld;
			productReference = B10000 /* StoryWorld.app */;
			productType = "com.apple.product-type.application";
		};
/* End PBXNativeTarget section */

/* Begin PBXProject section */
		E10000 /* Project object */ = {
			isa = PBXProject;
			attributes = {
				BuildIndependentTargetsInParallel = 1;
				LastSwiftUpdateCheck = 1540;
				LastUpgradeCheck = 1540;
				TargetAttributes = {
					E10001 = {
						CreatedOnToolsVersion = 15.4;
					};
				};
			};
			buildConfigurationList = F10001 /* Build configuration list for PBXProject "StoryWorld" */;
			compatibilityVersion = "Xcode 14.0";
			developmentRegion = en;
			hasScannedForEncodings = 0;
			knownRegions = (
				en,
				Base,
			);
			mainGroup = D10000;
			productRefGroup = D10099 /* Products */;
			projectDirPath = "";
			projectRoot = "";
			targets = (
				E10001 /* StoryWorld */,
			);
		};
/* End PBXProject section */

/* Begin PBXResourcesBuildPhase section */
		E10003 /* Resources */ = {
			isa = PBXResourcesBuildPhase;
			buildActionMask = 2147483647;
			files = (
				A10023 /* toy_biplane_realistic.usdz in Resources */,
				A10024 /* toy_car.usdz in Resources */,
				A10025 /* Assets.xcassets in Resources */,
			);
			runOnlyForDeploymentPostprocessing = 0;
		};
/* End PBXResourcesBuildPhase section */

/* Begin PBXSourcesBuildPhase section */
		E10002 /* Sources */ = {
			isa = PBXSourcesBuildPhase;
			buildActionMask = 2147483647;
			files = (
				A10001 /* StoryWorldApp.swift in Sources */,
				A10002 /* Secrets.swift in Sources */,
				A10003 /* ARSceneViewModel.swift in Sources */,
				A10004 /* ARViewContainer.swift in Sources */,
				A10005 /* AudioRecorder.swift in Sources */,
				A10006 /* MainARView.swift in Sources */,
				A10007 /* VideoPlayerView.swift in Sources */,
				A10008 /* VideoResultSheet.swift in Sources */,
				A10009 /* AppError.swift in Sources */,
				A10010 /* CharacterPrompt.swift in Sources */,
				A10011 /* FalModels.swift in Sources */,
				A10012 /* GeminiModels.swift in Sources */,
				A10013 /* PlacedCharacter.swift in Sources */,
				A10014 /* TripoModels.swift in Sources */,
				A10015 /* GeminiVoiceService.swift in Sources */,
				A10016 /* AppleSpeechService.swift in Sources */,
				A10017 /* FalModelService.swift in Sources */,
				A10018 /* TripoModelService.swift in Sources */,
				A10019 /* ModelConversionService.swift in Sources */,
				A10020 /* ImageUploadService.swift in Sources */,
				A10021 /* ImageEditService.swift in Sources */,
				A10022 /* VideoGenerationService.swift in Sources */,
			);
			runOnlyForDeploymentPostprocessing = 0;
		};
/* End PBXSourcesBuildPhase section */

/* Begin XCBuildConfiguration section */
		F10D01 /* Debug */ = {
			isa = XCBuildConfiguration;
			buildSettings = {
				ALWAYS_SEARCH_USER_PATHS = NO;
				ASSETCATALOG_COMPILER_GENERATE_SWIFT_ASSET_SYMBOL_EXTENSIONS = YES;
				CLANG_ANALYZER_NONNULL = YES;
				CLANG_ANALYZER_NUMBER_OBJECT_CONVERSION = YES_AGGRESSIVE;
				CLANG_CXX_LANGUAGE_STANDARD = "gnu++20";
				CLANG_ENABLE_MODULES = YES;
				CLANG_ENABLE_OBJC_ARC = YES;
				CLANG_ENABLE_OBJC_WEAK = YES;
				CLANG_WARN_BLOCK_CAPTURE_AUTORELEASING = YES;
				CLANG_WARN_BOOL_CONVERSION = YES;
				CLANG_WARN_COMMA = YES;
				CLANG_WARN_CONSTANT_CONVERSION = YES;
				CLANG_WARN_DEPRECATED_OBJC_IMPLEMENTATIONS = YES;
				CLANG_WARN_DIRECT_OBJC_ISA_USAGE = YES_ERROR;
				CLANG_WARN_DOCUMENTATION_COMMENTS = YES;
				CLANG_WARN_EMPTY_BODY = YES;
				CLANG_WARN_ENUM_CONVERSION = YES;
				CLANG_WARN_INFINITE_RECURSION = YES;
				CLANG_WARN_INT_CONVERSION = YES;
				CLANG_WARN_NON_LITERAL_NULL_CONVERSION = YES;
				CLANG_WARN_OBJC_IMPLICIT_RETAIN_SELF = YES;
				CLANG_WARN_OBJC_LITERAL_CONVERSION = YES;
				CLANG_WARN_OBJC_ROOT_CLASS = YES_ERROR;
				CLANG_WARN_QUOTED_INCLUDE_IN_FRAMEWORK_HEADER = YES;
				CLANG_WARN_RANGE_LOOP_ANALYSIS = YES;
				CLANG_WARN_STRICT_PROTOTYPES = YES;
				CLANG_WARN_SUSPICIOUS_MOVE = YES;
				CLANG_WARN_UNGUARDED_AVAILABILITY = YES_AGGRESSIVE;
				CLANG_WARN_UNREACHABLE_CODE = YES;
				CLANG_WARN__DUPLICATE_METHOD_MATCH = YES;
				COPY_PHASE_STRIP = NO;
				DEBUG_INFORMATION_FORMAT = dwarf;
				ENABLE_STRICT_OBJC_MSGSEND = YES;
				ENABLE_TESTABILITY = YES;
				ENABLE_USER_SCRIPT_SANDBOXING = YES;
				GCC_C_LANGUAGE_STANDARD = gnu17;
				GCC_DYNAMIC_NO_PIC = NO;
				GCC_NO_COMMON_BLOCKS = YES;
				GCC_OPTIMIZATION_LEVEL = 0;
				GCC_PREPROCESSOR_DEFINITIONS = (
					"DEBUG=1",
					"$(inherited)",
				);
				GCC_WARN_64_TO_32_BIT_CONVERSION = YES;
				GCC_WARN_ABOUT_RETURN_TYPE = YES_ERROR;
				GCC_WARN_UNDECLARED_SELECTOR = YES;
				GCC_WARN_UNINITIALIZED_AUTOS = YES_AGGRESSIVE;
				GCC_WARN_UNUSED_FUNCTION = YES;
				GCC_WARN_UNUSED_VARIABLE = YES;
				IPHONEOS_DEPLOYMENT_TARGET = 16.0;
				MTL_ENABLE_DEBUG_INFO = INCLUDE_SOURCE;
				MTL_FAST_MATH = YES;
				ONLY_ACTIVE_ARCH = YES;
				SDKROOT = iphoneos;
				SWIFT_ACTIVE_COMPILATION_CONDITIONS = "$(inherited) DEBUG";
				SWIFT_OPTIMIZATION_LEVEL = "-Onone";
			};
			name = Debug;
		};
		F10R01 /* Release */ = {
			isa = XCBuildConfiguration;
			buildSettings = {
				ALWAYS_SEARCH_USER_PATHS = NO;
				ASSETCATALOG_COMPILER_GENERATE_SWIFT_ASSET_SYMBOL_EXTENSIONS = YES;
				CLANG_ANALYZER_NONNULL = YES;
				CLANG_ANALYZER_NUMBER_OBJECT_CONVERSION = YES_AGGRESSIVE;
				CLANG_CXX_LANGUAGE_STANDARD = "gnu++20";
				CLANG_ENABLE_MODULES = YES;
				CLANG_ENABLE_OBJC_ARC = YES;
				CLANG_ENABLE_OBJC_WEAK = YES;
				CLANG_WARN_BLOCK_CAPTURE_AUTORELEASING = YES;
				CLANG_WARN_BOOL_CONVERSION = YES;
				CLANG_WARN_COMMA = YES;
				CLANG_WARN_CONSTANT_CONVERSION = YES;
				CLANG_WARN_DEPRECATED_OBJC_IMPLEMENTATIONS = YES;
				CLANG_WARN_DIRECT_OBJC_ISA_USAGE = YES_ERROR;
				CLANG_WARN_DOCUMENTATION_COMMENTS = YES;
				CLANG_WARN_EMPTY_BODY = YES;
				CLANG_WARN_ENUM_CONVERSION = YES;
				CLANG_WARN_INFINITE_RECURSION = YES;
				CLANG_WARN_INT_CONVERSION = YES;
				CLANG_WARN_NON_LITERAL_NULL_CONVERSION = YES;
				CLANG_WARN_OBJC_IMPLICIT_RETAIN_SELF = YES;
				CLANG_WARN_OBJC_LITERAL_CONVERSION = YES;
				CLANG_WARN_OBJC_ROOT_CLASS = YES_ERROR;
				CLANG_WARN_QUOTED_INCLUDE_IN_FRAMEWORK_HEADER = YES;
				CLANG_WARN_RANGE_LOOP_ANALYSIS = YES;
				CLANG_WARN_STRICT_PROTOTYPES = YES;
				CLANG_WARN_SUSPICIOUS_MOVE = YES;
				CLANG_WARN_UNGUARDED_AVAILABILITY = YES_AGGRESSIVE;
				CLANG_WARN_UNREACHABLE_CODE = YES;
				CLANG_WARN__DUPLICATE_METHOD_MATCH = YES;
				COPY_PHASE_STRIP = NO;
				DEBUG_INFORMATION_FORMAT = "dwarf-with-dsym";
				ENABLE_NS_ASSERTIONS = NO;
				ENABLE_STRICT_OBJC_MSGSEND = YES;
				ENABLE_USER_SCRIPT_SANDBOXING = YES;
				GCC_C_LANGUAGE_STANDARD = gnu17;
				GCC_NO_COMMON_BLOCKS = YES;
				GCC_WARN_64_TO_32_BIT_CONVERSION = YES;
				GCC_WARN_ABOUT_RETURN_TYPE = YES_ERROR;
				GCC_WARN_UNDECLARED_SELECTOR = YES;
				GCC_WARN_UNINITIALIZED_AUTOS = YES_AGGRESSIVE;
				GCC_WARN_UNUSED_FUNCTION = YES;
				GCC_WARN_UNUSED_VARIABLE = YES;
				IPHONEOS_DEPLOYMENT_TARGET = 16.0;
				MTL_ENABLE_DEBUG_INFO = NO;
				MTL_FAST_MATH = YES;
				SDKROOT = iphoneos;
				SWIFT_COMPILATION_MODE = wholemodule;
				VALIDATE_PRODUCT = YES;
			};
			name = Release;
		};
		F10D02 /* Debug */ = {
			isa = XCBuildConfiguration;
			buildSettings = {
				ASSETCATALOG_COMPILER_APPICON_NAME = AppIcon;
				ASSETCATALOG_COMPILER_GLOBAL_ACCENT_COLOR_NAME = AccentColor;
				CODE_SIGN_STYLE = Automatic;
				CURRENT_PROJECT_VERSION = 1;
				DEVELOPMENT_TEAM = "";
				GENERATE_INFOPLIST_FILE = YES;
				INFOPLIST_KEY_CFBundleDisplayName = StoryWorld;
				INFOPLIST_KEY_NSCameraUsageDescription = "StoryWorld needs camera access for augmented reality";
				INFOPLIST_KEY_NSMicrophoneUsageDescription = "StoryWorld needs microphone access to hear your character descriptions";
				INFOPLIST_KEY_NSSpeechRecognitionUsageDescription = "StoryWorld uses speech recognition to understand your voice commands";
				INFOPLIST_KEY_NSPhotoLibraryAddUsageDescription = "StoryWorld saves your cinematic videos to your photo library";
				INFOPLIST_KEY_UIApplicationSceneManifest_Generation = YES;
				INFOPLIST_KEY_UIApplicationSupportsIndirectInputEvents = YES;
				INFOPLIST_KEY_UILaunchScreen_Generation = YES;
				INFOPLIST_KEY_UIRequiredDeviceCapabilities = arkit;
				INFOPLIST_KEY_UIStatusBarHidden = YES;
				INFOPLIST_KEY_UISupportedInterfaceOrientations_iPad = "UIInterfaceOrientationPortrait UIInterfaceOrientationPortraitUpsideDown UIInterfaceOrientationLandscapeLeft UIInterfaceOrientationLandscapeRight";
				INFOPLIST_KEY_UISupportedInterfaceOrientations_iPhone = "UIInterfaceOrientationPortrait UIInterfaceOrientationLandscapeLeft UIInterfaceOrientationLandscapeRight";
				LD_RUNPATH_SEARCH_PATHS = (
					"$(inherited)",
					"@executable_path/Frameworks",
				);
				MARKETING_VERSION = 1.0;
				PRODUCT_BUNDLE_IDENTIFIER = com.storyworld.app;
				PRODUCT_NAME = "$(TARGET_NAME)";
				SUPPORTED_PLATFORMS = "iphoneos";
				SUPPORTS_MACCATALYST = NO;
				SWIFT_EMIT_LOC_STRINGS = YES;
				SWIFT_VERSION = 5.0;
				TARGETED_DEVICE_FAMILY = "1,2";
			};
			name = Debug;
		};
		F10R02 /* Release */ = {
			isa = XCBuildConfiguration;
			buildSettings = {
				ASSETCATALOG_COMPILER_APPICON_NAME = AppIcon;
				ASSETCATALOG_COMPILER_GLOBAL_ACCENT_COLOR_NAME = AccentColor;
				CODE_SIGN_STYLE = Automatic;
				CURRENT_PROJECT_VERSION = 1;
				DEVELOPMENT_TEAM = "";
				GENERATE_INFOPLIST_FILE = YES;
				INFOPLIST_KEY_CFBundleDisplayName = StoryWorld;
				INFOPLIST_KEY_NSCameraUsageDescription = "StoryWorld needs camera access for augmented reality";
				INFOPLIST_KEY_NSMicrophoneUsageDescription = "StoryWorld needs microphone access to hear your character descriptions";
				INFOPLIST_KEY_NSSpeechRecognitionUsageDescription = "StoryWorld uses speech recognition to understand your voice commands";
				INFOPLIST_KEY_NSPhotoLibraryAddUsageDescription = "StoryWorld saves your cinematic videos to your photo library";
				INFOPLIST_KEY_UIApplicationSceneManifest_Generation = YES;
				INFOPLIST_KEY_UIApplicationSupportsIndirectInputEvents = YES;
				INFOPLIST_KEY_UILaunchScreen_Generation = YES;
				INFOPLIST_KEY_UIRequiredDeviceCapabilities = arkit;
				INFOPLIST_KEY_UIStatusBarHidden = YES;
				INFOPLIST_KEY_UISupportedInterfaceOrientations_iPad = "UIInterfaceOrientationPortrait UIInterfaceOrientationPortraitUpsideDown UIInterfaceOrientationLandscapeLeft UIInterfaceOrientationLandscapeRight";
				INFOPLIST_KEY_UISupportedInterfaceOrientations_iPhone = "UIInterfaceOrientationPortrait UIInterfaceOrientationLandscapeLeft UIInterfaceOrientationLandscapeRight";
				LD_RUNPATH_SEARCH_PATHS = (
					"$(inherited)",
					"@executable_path/Frameworks",
				);
				MARKETING_VERSION = 1.0;
				PRODUCT_BUNDLE_IDENTIFIER = com.storyworld.app;
				PRODUCT_NAME = "$(TARGET_NAME)";
				SUPPORTED_PLATFORMS = "iphoneos";
				SUPPORTS_MACCATALYST = NO;
				SWIFT_EMIT_LOC_STRINGS = YES;
				SWIFT_VERSION = 5.0;
				TARGETED_DEVICE_FAMILY = "1,2";
			};
			name = Release;
		};
/* End XCBuildConfiguration section */

/* Begin XCConfigurationList section */
		F10001 /* Build configuration list for PBXProject "StoryWorld" */ = {
			isa = XCConfigurationList;
			buildConfigurations = (
				F10D01 /* Debug */,
				F10R01 /* Release */,
			);
			defaultConfigurationIsVisible = 0;
			defaultConfigurationName = Release;
		};
		F10003 /* Build configuration list for PBXNativeTarget "StoryWorld" */ = {
			isa = XCConfigurationList;
			buildConfigurations = (
				F10D02 /* Debug */,
				F10R02 /* Release */,
			);
			defaultConfigurationIsVisible = 0;
			defaultConfigurationName = Release;
		};
/* End XCConfigurationList section */

	};
	rootObject = E10000 /* Project object */;
}
